// !$*UTF8*$!
{
	archiveVersion = 1;
	classes = {
	};
	objectVersion = 77;
	objects = {

/* Begin PBXBuildFile section */
		75339DDB2D34F2590048D153 /* Preview Assets.xcassets in Resources */ = {isa = PBXBuildFile; fileRef = 75339DD52D34F2590048D153 /* Preview Assets.xcassets */; };
		75339DDC2D34F2590048D153 /* Assets.xcassets in Resources */ = {isa = PBXBuildFile; fileRef = 75339DD72D34F2590048D153 /* Assets.xcassets */; };
		75339DDE2D34F2590048D153 /* TodoApp.swift in Sources */ = {isa = PBXBuildFile; fileRef = 75339DD92D34F2590048D153 /* TodoApp.swift */; };
		75339DE62D34F7360048D153 /* SplashView.swift in Sources */ = {isa = PBXBuildFile; fileRef = 75339DE52D34F7290048D153 /* SplashView.swift */; };
		75339DEB2D34FECD0048D153 /* Route.swift in Sources */ = {isa = PBXBuildFile; fileRef = 75339DEA2D34FECB0048D153 /* Route.swift */; };
		75339DF12D34FF4A0048D153 /* TodoView.swift in Sources */ = {isa = PBXBuildFile; fileRef = 75339DF02D34FF4A0048D153 /* TodoView.swift */; };
		75339E032D3514270048D153 /* Router.swift in Sources */ = {isa = PBXBuildFile; fileRef = 75339E022D3514240048D153 /* Router.swift */; };
		75339E0D2D3547DD0048D153 /* TodoViewModel.swift in Sources */ = {isa = PBXBuildFile; fileRef = 75339E0C2D3547DB0048D153 /* TodoViewModel.swift */; };
		75339E122D35557A0048D153 /* Todo.swift in Sources */ = {isa = PBXBuildFile; fileRef = 75339E112D3555790048D153 /* Todo.swift */; };
		75339E142D3633170048D153 /* Checkbox.swift in Sources */ = {isa = PBXBuildFile; fileRef = 75339E132D3633120048D153 /* Checkbox.swift */; };
		75339E162D36336E0048D153 /* TodoRow.swift in Sources */ = {isa = PBXBuildFile; fileRef = 75339E152D36336C0048D153 /* TodoRow.swift */; };
/* End PBXBuildFile section */

/* Begin PBXContainerItemProxy section */
		75339DB92D34F24B0048D153 /* PBXContainerItemProxy */ = {
			isa = PBXContainerItemProxy;
			containerPortal = 75339DA02D34F2490048D153 /* Project object */;
			proxyType = 1;
			remoteGlobalIDString = 75339DA72D34F2490048D153;
			remoteInfo = TodoApp;
		};
		75339DC32D34F24B0048D153 /* PBXContainerItemProxy */ = {
			isa = PBXContainerItemProxy;
			containerPortal = 75339DA02D34F2490048D153 /* Project object */;
			proxyType = 1;
			remoteGlobalIDString = 75339DA72D34F2490048D153;
			remoteInfo = TodoApp;
		};
/* End PBXContainerItemProxy section */

/* Begin PBXFileReference section */
		75339DA82D34F2490048D153 /* TodoApp.app */ = {isa = PBXFileReference; explicitFileType = wrapper.application; includeInIndex = 0; path = TodoApp.app; sourceTree = BUILT_PRODUCTS_DIR; };
		75339DB82D34F24B0048D153 /* TodoAppTests.xctest */ = {isa = PBXFileReference; explicitFileType = wrapper.cfbundle; includeInIndex = 0; path = TodoAppTests.xctest; sourceTree = BUILT_PRODUCTS_DIR; };
		75339DC22D34F24B0048D153 /* TodoAppUITests.xctest */ = {isa = PBXFileReference; explicitFileType = wrapper.cfbundle; includeInIndex = 0; path = TodoAppUITests.xctest; sourceTree = BUILT_PRODUCTS_DIR; };
		75339DD52D34F2590048D153 /* Preview Assets.xcassets */ = {isa = PBXFileReference; lastKnownFileType = folder.assetcatalog; path = "Preview Assets.xcassets"; sourceTree = "<group>"; };
		75339DD72D34F2590048D153 /* Assets.xcassets */ = {isa = PBXFileReference; lastKnownFileType = folder.assetcatalog; path = Assets.xcassets; sourceTree = "<group>"; };
		75339DD92D34F2590048D153 /* TodoApp.swift */ = {isa = PBXFileReference; lastKnownFileType = sourcecode.swift; path = TodoApp.swift; sourceTree = "<group>"; };
		75339DE52D34F7290048D153 /* SplashView.swift */ = {isa = PBXFileReference; lastKnownFileType = sourcecode.swift; path = SplashView.swift; sourceTree = "<group>"; };
		75339DEA2D34FECB0048D153 /* Route.swift */ = {isa = PBXFileReference; lastKnownFileType = sourcecode.swift; path = Route.swift; sourceTree = "<group>"; };
		75339DF02D34FF4A0048D153 /* TodoView.swift */ = {isa = PBXFileReference; lastKnownFileType = sourcecode.swift; path = TodoView.swift; sourceTree = "<group>"; };
		75339E022D3514240048D153 /* Router.swift */ = {isa = PBXFileReference; lastKnownFileType = sourcecode.swift; path = Router.swift; sourceTree = "<group>"; };
		75339E0C2D3547DB0048D153 /* TodoViewModel.swift */ = {isa = PBXFileReference; lastKnownFileType = sourcecode.swift; path = TodoViewModel.swift; sourceTree = "<group>"; };
		75339E112D3555790048D153 /* Todo.swift */ = {isa = PBXFileReference; lastKnownFileType = sourcecode.swift; path = Todo.swift; sourceTree = "<group>"; };
		75339E132D3633120048D153 /* Checkbox.swift */ = {isa = PBXFileReference; lastKnownFileType = sourcecode.swift; path = Checkbox.swift; sourceTree = "<group>"; };
		75339E152D36336C0048D153 /* TodoRow.swift */ = {isa = PBXFileReference; lastKnownFileType = sourcecode.swift; path = TodoRow.swift; sourceTree = "<group>"; };
/* End PBXFileReference section */

/* Begin PBXFileSystemSynchronizedRootGroup section */
		75339DBB2D34F24B0048D153 /* TodoAppTests */ = {
			isa = PBXFileSystemSynchronizedRootGroup;
			path = TodoAppTests;
			sourceTree = "<group>";
		};
		75339DC52D34F24B0048D153 /* TodoAppUITests */ = {
			isa = PBXFileSystemSynchronizedRootGroup;
			path = TodoAppUITests;
			sourceTree = "<group>";
		};
/* End PBXFileSystemSynchronizedRootGroup section */

/* Begin PBXFrameworksBuildPhase section */
		75339DA52D34F2490048D153 /* Frameworks */ = {
			isa = PBXFrameworksBuildPhase;
			buildActionMask = 2147483647;
			files = (
			);
			runOnlyForDeploymentPostprocessing = 0;
		};
		75339DB52D34F24B0048D153 /* Frameworks */ = {
			isa = PBXFrameworksBuildPhase;
			buildActionMask = 2147483647;
			files = (
			);
			runOnlyForDeploymentPostprocessing = 0;
		};
		75339DBF2D34F24B0048D153 /* Frameworks */ = {
			isa = PBXFrameworksBuildPhase;
			buildActionMask = 2147483647;
			files = (
			);
			runOnlyForDeploymentPostprocessing = 0;
		};
/* End PBXFrameworksBuildPhase section */

/* Begin PBXGroup section */
		75339D9F2D34F2490048D153 = {
			isa = PBXGroup;
			children = (
				75339DDA2D34F2590048D153 /* TodoApp */,
				75339DBB2D34F24B0048D153 /* TodoAppTests */,
				75339DC52D34F24B0048D153 /* TodoAppUITests */,
				75339DFC2D350D8D0048D153 /* Frameworks */,
				75339DA92D34F2490048D153 /* Products */,
			);
			sourceTree = "<group>";
		};
		75339DA92D34F2490048D153 /* Products */ = {
			isa = PBXGroup;
			children = (
				75339DA82D34F2490048D153 /* TodoApp.app */,
				75339DB82D34F24B0048D153 /* TodoAppTests.xctest */,
				75339DC22D34F24B0048D153 /* TodoAppUITests.xctest */,
			);
			name = Products;
			sourceTree = "<group>";
		};
		75339DD62D34F2590048D153 /* Preview Content */ = {
			isa = PBXGroup;
			children = (
				75339DD52D34F2590048D153 /* Preview Assets.xcassets */,
			);
			path = "Preview Content";
			sourceTree = "<group>";
		};
		75339DDA2D34F2590048D153 /* TodoApp */ = {
			isa = PBXGroup;
			children = (
				75339E102D3555740048D153 /* Model */,
				75339E0F2D3555620048D153 /* ViewModel */,
				75339E0E2D3555510048D153 /* View */,
				75339DE92D34FEC50048D153 /* Router */,
				75339DE02D34F2670048D153 /* App */,
				75339DD62D34F2590048D153 /* Preview Content */,
				75339DD72D34F2590048D153 /* Assets.xcassets */,
			);
			path = TodoApp;
			sourceTree = "<group>";
		};
		75339DE02D34F2670048D153 /* App */ = {
			isa = PBXGroup;
			children = (
				75339DD92D34F2590048D153 /* TodoApp.swift */,
			);
			path = App;
			sourceTree = "<group>";
		};
		75339DE92D34FEC50048D153 /* Router */ = {
			isa = PBXGroup;
			children = (
				75339E022D3514240048D153 /* Router.swift */,
				75339DEA2D34FECB0048D153 /* Route.swift */,
			);
			path = Router;
			sourceTree = "<group>";
		};
		75339DFC2D350D8D0048D153 /* Frameworks */ = {
			isa = PBXGroup;
			children = (
			);
			name = Frameworks;
			sourceTree = "<group>";
		};
		75339E0E2D3555510048D153 /* View */ = {
			isa = PBXGroup;
			children = (
				75339E152D36336C0048D153 /* TodoRow.swift */,
				75339E132D3633120048D153 /* Checkbox.swift */,
				75339DF02D34FF4A0048D153 /* TodoView.swift */,
				75339DE52D34F7290048D153 /* SplashView.swift */,
			);
			path = View;
			sourceTree = "<group>";
		};
		75339E0F2D3555620048D153 /* ViewModel */ = {
			isa = PBXGroup;
			children = (
				75339E0C2D3547DB0048D153 /* TodoViewModel.swift */,
			);
			path = ViewModel;
			sourceTree = "<group>";
		};
		75339E102D3555740048D153 /* Model */ = {
			isa = PBXGroup;
			children = (
				75339E112D3555790048D153 /* Todo.swift */,
			);
			path = Model;
			sourceTree = "<group>";
		};
/* End PBXGroup section */

/* Begin PBXNativeTarget section */
		75339DA72D34F2490048D153 /* TodoApp */ = {
			isa = PBXNativeTarget;
			buildConfigurationList = 75339DCC2D34F24B0048D153 /* Build configuration list for PBXNativeTarget "TodoApp" */;
			buildPhases = (
				75339DA42D34F2490048D153 /* Sources */,
				75339DA52D34F2490048D153 /* Frameworks */,
				75339DA62D34F2490048D153 /* Resources */,
			);
			buildRules = (
			);
			dependencies = (
			);
			name = TodoApp;
			packageProductDependencies = (
			);
			productName = TodoApp;
			productReference = 75339DA82D34F2490048D153 /* TodoApp.app */;
			productType = "com.apple.product-type.application";
		};
		75339DB72D34F24B0048D153 /* TodoAppTests */ = {
			isa = PBXNativeTarget;
			buildConfigurationList = 75339DCF2D34F24B0048D153 /* Build configuration list for PBXNativeTarget "TodoAppTests" */;
			buildPhases = (
				75339DB42D34F24B0048D153 /* Sources */,
				75339DB52D34F24B0048D153 /* Frameworks */,
				75339DB62D34F24B0048D153 /* Resources */,
			);
			buildRules = (
			);
			dependencies = (
				75339DBA2D34F24B0048D153 /* PBXTargetDependency */,
			);
			fileSystemSynchronizedGroups = (
				75339DBB2D34F24B0048D153 /* TodoAppTests */,
			);
			name = TodoAppTests;
			packageProductDependencies = (
			);
			productName = TodoAppTests;
			productReference = 75339DB82D34F24B0048D153 /* TodoAppTests.xctest */;
			productType = "com.apple.product-type.bundle.unit-test";
		};
		75339DC12D34F24B0048D153 /* TodoAppUITests */ = {
			isa = PBXNativeTarget;
			buildConfigurationList = 75339DD22D34F24B0048D153 /* Build configuration list for PBXNativeTarget "TodoAppUITests" */;
			buildPhases = (
				75339DBE2D34F24B0048D153 /* Sources */,
				75339DBF2D34F24B0048D153 /* Frameworks */,
				75339DC02D34F24B0048D153 /* Resources */,
			);
			buildRules = (
			);
			dependencies = (
				75339DC42D34F24B0048D153 /* PBXTargetDependency */,
			);
			fileSystemSynchronizedGroups = (
				75339DC52D34F24B0048D153 /* TodoAppUITests */,
			);
			name = TodoAppUITests;
			packageProductDependencies = (
			);
			productName = TodoAppUITests;
			productReference = 75339DC22D34F24B0048D153 /* TodoAppUITests.xctest */;
			productType = "com.apple.product-type.bundle.ui-testing";
		};
/* End PBXNativeTarget section */

/* Begin PBXProject section */
		75339DA02D34F2490048D153 /* Project object */ = {
			isa = PBXProject;
			attributes = {
				BuildIndependentTargetsInParallel = 1;
				LastSwiftUpdateCheck = 1610;
				LastUpgradeCheck = 1610;
				TargetAttributes = {
					75339DA72D34F2490048D153 = {
						CreatedOnToolsVersion = 16.1;
					};
					75339DB72D34F24B0048D153 = {
						CreatedOnToolsVersion = 16.1;
						TestTargetID = 75339DA72D34F2490048D153;
					};
					75339DC12D34F24B0048D153 = {
						CreatedOnToolsVersion = 16.1;
						TestTargetID = 75339DA72D34F2490048D153;
					};
				};
			};
			buildConfigurationList = 75339DA32D34F2490048D153 /* Build configuration list for PBXProject "TodoApp" */;
			developmentRegion = en;
			hasScannedForEncodings = 0;
			knownRegions = (
				en,
				Base,
			);
			mainGroup = 75339D9F2D34F2490048D153;
			minimizedProjectReferenceProxies = 1;
			packageReferences = (
			);
			preferredProjectObjectVersion = 77;
			productRefGroup = 75339DA92D34F2490048D153 /* Products */;
			projectDirPath = "";
			projectRoot = "";
			targets = (
				75339DA72D34F2490048D153 /* TodoApp */,
				75339DB72D34F24B0048D153 /* TodoAppTests */,
				75339DC12D34F24B0048D153 /* TodoAppUITests */,
			);
		};
/* End PBXProject section */

/* Begin PBXResourcesBuildPhase section */
		75339DA62D34F2490048D153 /* Resources */ = {
			isa = PBXResourcesBuildPhase;
			buildActionMask = 2147483647;
			files = (
				75339DDB2D34F2590048D153 /* Preview Assets.xcassets in Resources */,
				75339DDC2D34F2590048D153 /* Assets.xcassets in Resources */,
			);
			runOnlyForDeploymentPostprocessing = 0;
		};
		75339DB62D34F24B0048D153 /* Resources */ = {
			isa = PBXResourcesBuildPhase;
			buildActionMask = 2147483647;
			files = (
			);
			runOnlyForDeploymentPostprocessing = 0;
		};
		75339DC02D34F24B0048D153 /* Resources */ = {
			isa = PBXResourcesBuildPhase;
			buildActionMask = 2147483647;
			files = (
			);
			runOnlyForDeploymentPostprocessing = 0;
		};
/* End PBXResourcesBuildPhase section */

/* Begin PBXSourcesBuildPhase section */
		75339DA42D34F2490048D153 /* Sources */ = {
			isa = PBXSourcesBuildPhase;
			buildActionMask = 2147483647;
			files = (
				75339E142D3633170048D153 /* Checkbox.swift in Sources */,
				75339E122D35557A0048D153 /* Todo.swift in Sources */,
				75339E162D36336E0048D153 /* TodoRow.swift in Sources */,
				75339E032D3514270048D153 /* Router.swift in Sources */,
				75339E0D2D3547DD0048D153 /* TodoViewModel.swift in Sources */,
				75339DDE2D34F2590048D153 /* TodoApp.swift in Sources */,
				75339DF12D34FF4A0048D153 /* TodoView.swift in Sources */,
				75339DEB2D34FECD0048D153 /* Route.swift in Sources */,
				75339DE62D34F7360048D153 /* SplashView.swift in Sources */,
			);
			runOnlyForDeploymentPostprocessing = 0;
		};
		75339DB42D34F24B0048D153 /* Sources */ = {
			isa = PBXSourcesBuildPhase;
			buildActionMask = 2147483647;
			files = (
			);
			runOnlyForDeploymentPostprocessing = 0;
		};
		75339DBE2D34F24B0048D153 /* Sources */ = {
			isa = PBXSourcesBuildPhase;
			buildActionMask = 2147483647;
			files = (
			);
			runOnlyForDeploymentPostprocessing = 0;
		};
/* End PBXSourcesBuildPhase section */

/* Begin PBXTargetDependency section */
		75339DBA2D34F24B0048D153 /* PBXTargetDependency */ = {
			isa = PBXTargetDependency;
			target = 75339DA72D34F2490048D153 /* TodoApp */;
			targetProxy = 75339DB92D34F24B0048D153 /* PBXContainerItemProxy */;
		};
		75339DC42D34F24B0048D153 /* PBXTargetDependency */ = {
			isa = PBXTargetDependency;
			target = 75339DA72D34F2490048D153 /* TodoApp */;
			targetProxy = 75339DC32D34F24B0048D153 /* PBXContainerItemProxy */;
		};
/* End PBXTargetDependency section */

/* Begin XCBuildConfiguration section */
		75339DCA2D34F24B0048D153 /* Debug */ = {
			isa = XCBuildConfiguration;
			buildSettings = {
				ALWAYS_SEARCH_USER_PATHS = NO;
				ASSETCATALOG_COMPILER_GENERATE_SWIFT_ASSET_SYMBOL_EXTENSIONS = YES;
				CLANG_ANALYZER_NONNULL = YES;
				CLANG_ANALYZER_NUMBER_OBJECT_CONVERSION = YES_AGGRESSIVE;
				CLANG_CXX_LANGUAGE_STANDARD = "gnu++20";
				CLANG_ENABLE_MODULES = YES;
				CLANG_ENABLE_OBJC_ARC = YES;
				CLANG_ENABLE_OBJC_WEAK = YES;
				CLANG_WARN_BLOCK_CAPTURE_AUTORELEASING = YES;
				CLANG_WARN_BOOL_CONVERSION = YES;
				CLANG_WARN_COMMA = YES;
				CLANG_WARN_CONSTANT_CONVERSION = YES;
				CLANG_WARN_DEPRECATED_OBJC_IMPLEMENTATIONS = YES;
				CLANG_WARN_DIRECT_OBJC_ISA_USAGE = YES_ERROR;
				CLANG_WARN_DOCUMENTATION_COMMENTS = YES;
				CLANG_WARN_EMPTY_BODY = YES;
				CLANG_WARN_ENUM_CONVERSION = YES;
				CLANG_WARN_INFINITE_RECURSION = YES;
				CLANG_WARN_INT_CONVERSION = YES;
				CLANG_WARN_NON_LITERAL_NULL_CONVERSION = YES;
				CLANG_WARN_OBJC_IMPLICIT_RETAIN_SELF = YES;
				CLANG_WARN_OBJC_LITERAL_CONVERSION = YES;
				CLANG_WARN_OBJC_ROOT_CLASS = YES_ERROR;
				CLANG_WARN_QUOTED_INCLUDE_IN_FRAMEWORK_HEADER = YES;
				CLANG_WARN_RANGE_LOOP_ANALYSIS = YES;
				CLANG_WARN_STRICT_PROTOTYPES = YES;
				CLANG_WARN_SUSPICIOUS_MOVE = YES;
				CLANG_WARN_UNGUARDED_AVAILABILITY = YES_AGGRESSIVE;
				CLANG_WARN_UNREACHABLE_CODE = YES;
				CLANG_WARN__DUPLICATE_METHOD_MATCH = YES;
				COPY_PHASE_STRIP = NO;
				DEBUG_INFORMATION_FORMAT = dwarf;
				ENABLE_STRICT_OBJC_MSGSEND = YES;
				ENABLE_TESTABILITY = YES;
				ENABLE_USER_SCRIPT_SANDBOXING = YES;
				GCC_C_LANGUAGE_STANDARD = gnu17;
				GCC_DYNAMIC_NO_PIC = NO;
				GCC_NO_COMMON_BLOCKS = YES;
				GCC_OPTIMIZATION_LEVEL = 0;
				GCC_PREPROCESSOR_DEFINITIONS = (
					"DEBUG=1",
					"$(inherited)",
				);
				GCC_WARN_64_TO_32_BIT_CONVERSION = YES;
				GCC_WARN_ABOUT_RETURN_TYPE = YES_ERROR;
				GCC_WARN_UNDECLARED_SELECTOR = YES;
				GCC_WARN_UNINITIALIZED_AUTOS = YES_AGGRESSIVE;
				GCC_WARN_UNUSED_FUNCTION = YES;
				GCC_WARN_UNUSED_VARIABLE = YES;
				IPHONEOS_DEPLOYMENT_TARGET = 18.1;
				LOCALIZATION_PREFERS_STRING_CATALOGS = YES;
				MTL_ENABLE_DEBUG_INFO = INCLUDE_SOURCE;
				MTL_FAST_MATH = YES;
				ONLY_ACTIVE_ARCH = YES;
				SDKROOT = iphoneos;
				SWIFT_ACTIVE_COMPILATION_CONDITIONS = "DEBUG $(inherited)";
				SWIFT_OPTIMIZATION_LEVEL = "-Onone";
			};
			name = Debug;
		};
		75339DCB2D34F24B0048D153 /* Release */ = {
			isa = XCBuildConfiguration;
			buildSettings = {
				ALWAYS_SEARCH_USER_PATHS = NO;
				ASSETCATALOG_COMPILER_GENERATE_SWIFT_ASSET_SYMBOL_EXTENSIONS = YES;
				CLANG_ANALYZER_NONNULL = YES;
				CLANG_ANALYZER_NUMBER_OBJECT_CONVERSION = YES_AGGRESSIVE;
				CLANG_CXX_LANGUAGE_STANDARD = "gnu++20";
				CLANG_ENABLE_MODULES = YES;
				CLANG_ENABLE_OBJC_ARC = YES;
				CLANG_ENABLE_OBJC_WEAK = YES;
				CLANG_WARN_BLOCK_CAPTURE_AUTORELEASING = YES;
				CLANG_WARN_BOOL_CONVERSION = YES;
				CLANG_WARN_COMMA = YES;
				CLANG_WARN_CONSTANT_CONVERSION = YES;
				CLANG_WARN_DEPRECATED_OBJC_IMPLEMENTATIONS = YES;
				CLANG_WARN_DIRECT_OBJC_ISA_USAGE = YES_ERROR;
				CLANG_WARN_DOCUMENTATION_COMMENTS = YES;
				CLANG_WARN_EMPTY_BODY = YES;
				CLANG_WARN_ENUM_CONVERSION = YES;
				CLANG_WARN_INFINITE_RECURSION = YES;
				CLANG_WARN_INT_CONVERSION = YES;
				CLANG_WARN_NON_LITERAL_NULL_CONVERSION = YES;
				CLANG_WARN_OBJC_IMPLICIT_RETAIN_SELF = YES;
				CLANG_WARN_OBJC_LITERAL_CONVERSION = YES;
				CLANG_WARN_OBJC_ROOT_CLASS = YES_ERROR;
				CLANG_WARN_QUOTED_INCLUDE_IN_FRAMEWORK_HEADER = YES;
				CLANG_WARN_RANGE_LOOP_ANALYSIS = YES;
				CLANG_WARN_STRICT_PROTOTYPES = YES;
				CLANG_WARN_SUSPICIOUS_MOVE = YES;
				CLANG_WARN_UNGUARDED_AVAILABILITY = YES_AGGRESSIVE;
				CLANG_WARN_UNREACHABLE_CODE = YES;
				CLANG_WARN__DUPLICATE_METHOD_MATCH = YES;
				COPY_PHASE_STRIP = NO;
				DEBUG_INFORMATION_FORMAT = "dwarf-with-dsym";
				ENABLE_NS_ASSERTIONS = NO;
				ENABLE_STRICT_OBJC_MSGSEND = YES;
				ENABLE_USER_SCRIPT_SANDBOXING = YES;
				GCC_C_LANGUAGE_STANDARD = gnu17;
				GCC_NO_COMMON_BLOCKS = YES;
				GCC_WARN_64_TO_32_BIT_CONVERSION = YES;
				GCC_WARN_ABOUT_RETURN_TYPE = YES_ERROR;
				GCC_WARN_UNDECLARED_SELECTOR = YES;
				GCC_WARN_UNINITIALIZED_AUTOS = YES_AGGRESSIVE;
				GCC_WARN_UNUSED_FUNCTION = YES;
				GCC_WARN_UNUSED_VARIABLE = YES;
				IPHONEOS_DEPLOYMENT_TARGET = 18.1;
				LOCALIZATION_PREFERS_STRING_CATALOGS = YES;
				MTL_ENABLE_DEBUG_INFO = NO;
				MTL_FAST_MATH = YES;
				SDKROOT = iphoneos;
				SWIFT_COMPILATION_MODE = wholemodule;
				VALIDATE_PRODUCT = YES;
			};
			name = Release;
		};
		75339DCD2D34F24B0048D153 /* Debug */ = {
			isa = XCBuildConfiguration;
			buildSettings = {
				ASSETCATALOG_COMPILER_APPICON_NAME = AppIcon;
				ASSETCATALOG_COMPILER_GLOBAL_ACCENT_COLOR_NAME = AccentColor;
				CODE_SIGN_STYLE = Automatic;
				CURRENT_PROJECT_VERSION = 1;
				DEVELOPMENT_ASSET_PATHS = "\"TodoApp/Preview Content\"";
				DEVELOPMENT_TEAM = 29QHZAJ863;
				ENABLE_PREVIEWS = YES;
				GENERATE_INFOPLIST_FILE = YES;
				INFOPLIST_KEY_UIApplicationSceneManifest_Generation = YES;
				INFOPLIST_KEY_UIApplicationSupportsIndirectInputEvents = YES;
				INFOPLIST_KEY_UILaunchScreen_Generation = YES;
				INFOPLIST_KEY_UISupportedInterfaceOrientations = "UIInterfaceOrientationLandscapeLeft UIInterfaceOrientationLandscapeRight UIInterfaceOrientationPortrait";
				INFOPLIST_KEY_UISupportedInterfaceOrientations_iPad = "UIInterfaceOrientationLandscapeLeft UIInterfaceOrientationLandscapeRight UIInterfaceOrientationPortrait UIInterfaceOrientationPortraitUpsideDown";
				LD_RUNPATH_SEARCH_PATHS = (
					"$(inherited)",
					"@executable_path/Frameworks",
				);
				MARKETING_VERSION = 1.0;
				PRODUCT_BUNDLE_IDENTIFIER = com.tguzeldev.TodoApp;
				PRODUCT_NAME = "$(TARGET_NAME)";
				SWIFT_EMIT_LOC_STRINGS = YES;
				SWIFT_VERSION = 5.0;
				TARGETED_DEVICE_FAMILY = "1,2";
			};
			name = Debug;
		};
		75339DCE2D34F24B0048D153 /* Release */ = {
			isa = XCBuildConfiguration;
			buildSettings = {
				ASSETCATALOG_COMPILER_APPICON_NAME = AppIcon;
				ASSETCATALOG_COMPILER_GLOBAL_ACCENT_COLOR_NAME = AccentColor;
				CODE_SIGN_STYLE = Automatic;
				CURRENT_PROJECT_VERSION = 1;
				DEVELOPMENT_ASSET_PATHS = "\"TodoApp/Preview Content\"";
				DEVELOPMENT_TEAM = 29QHZAJ863;
				ENABLE_PREVIEWS = YES;
				GENERATE_INFOPLIST_FILE = YES;
				INFOPLIST_KEY_UIApplicationSceneManifest_Generation = YES;
				INFOPLIST_KEY_UIApplicationSupportsIndirectInputEvents = YES;
				INFOPLIST_KEY_UILaunchScreen_Generation = YES;
				INFOPLIST_KEY_UISupportedInterfaceOrientations = "UIInterfaceOrientationLandscapeLeft UIInterfaceOrientationLandscapeRight UIInterfaceOrientationPortrait";
				INFOPLIST_KEY_UISupportedInterfaceOrientations_iPad = "UIInterfaceOrientationLandscapeLeft UIInterfaceOrientationLandscapeRight UIInterfaceOrientationPortrait UIInterfaceOrientationPortraitUpsideDown";
				LD_RUNPATH_SEARCH_PATHS = (
					"$(inherited)",
					"@executable_path/Frameworks",
				);
				MARKETING_VERSION = 1.0;
				PRODUCT_BUNDLE_IDENTIFIER = com.tguzeldev.TodoApp;
				PRODUCT_NAME = "$(TARGET_NAME)";
				SWIFT_EMIT_LOC_STRINGS = YES;
				SWIFT_VERSION = 5.0;
				TARGETED_DEVICE_FAMILY = "1,2";
			};
			name = Release;
		};
		75339DD02D34F24B0048D153 /* Debug */ = {
			isa = XCBuildConfiguration;
			buildSettings = {
				BUNDLE_LOADER = "$(TEST_HOST)";
				CODE_SIGN_STYLE = Automatic;
				CURRENT_PROJECT_VERSION = 1;
				DEVELOPMENT_TEAM = 29QHZAJ863;
				GENERATE_INFOPLIST_FILE = YES;
				IPHONEOS_DEPLOYMENT_TARGET = 18.1;
				MARKETING_VERSION = 1.0;
				PRODUCT_BUNDLE_IDENTIFIER = com.tguzeldev.TodoAppTests;
				PRODUCT_NAME = "$(TARGET_NAME)";
				SWIFT_EMIT_LOC_STRINGS = NO;
				SWIFT_VERSION = 5.0;
				TARGETED_DEVICE_FAMILY = "1,2";
				TEST_HOST = "$(BUILT_PRODUCTS_DIR)/TodoApp.app/$(BUNDLE_EXECUTABLE_FOLDER_PATH)/TodoApp";
			};
			name = Debug;
		};
		75339DD12D34F24B0048D153 /* Release */ = {
			isa = XCBuildConfiguration;
			buildSettings = {
				BUNDLE_LOADER = "$(TEST_HOST)";
				CODE_SIGN_STYLE = Automatic;
				CURRENT_PROJECT_VERSION = 1;
				DEVELOPMENT_TEAM = 29QHZAJ863;
				GENERATE_INFOPLIST_FILE = YES;
				IPHONEOS_DEPLOYMENT_TARGET = 18.1;
				MARKETING_VERSION = 1.0;
				PRODUCT_BUNDLE_IDENTIFIER = com.tguzeldev.TodoAppTests;
				PRODUCT_NAME = "$(TARGET_NAME)";
				SWIFT_EMIT_LOC_STRINGS = NO;
				SWIFT_VERSION = 5.0;
				TARGETED_DEVICE_FAMILY = "1,2";
				TEST_HOST = "$(BUILT_PRODUCTS_DIR)/TodoApp.app/$(BUNDLE_EXECUTABLE_FOLDER_PATH)/TodoApp";
			};
			name = Release;
		};
		75339DD32D34F24B0048D153 /* Debug */ = {
			isa = XCBuildConfiguration;
			buildSettings = {
				CODE_SIGN_STYLE = Automatic;
				CURRENT_PROJECT_VERSION = 1;
				DEVELOPMENT_TEAM = 29QHZAJ863;
				GENERATE_INFOPLIST_FILE = YES;
				MARKETING_VERSION = 1.0;
				PRODUCT_BUNDLE_IDENTIFIER = com.tguzeldev.TodoAppUITests;
				PRODUCT_NAME = "$(TARGET_NAME)";
				SWIFT_EMIT_LOC_STRINGS = NO;
				SWIFT_VERSION = 5.0;
				TARGETED_DEVICE_FAMILY = "1,2";
				TEST_TARGET_NAME = TodoApp;
			};
			name = Debug;
		};
		75339DD42D34F24B0048D153 /* Release */ = {
			isa = XCBuildConfiguration;
			buildSettings = {
				CODE_SIGN_STYLE = Automatic;
				CURRENT_PROJECT_VERSION = 1;
				DEVELOPMENT_TEAM = 29QHZAJ863;
				GENERATE_INFOPLIST_FILE = YES;
				MARKETING_VERSION = 1.0;
				PRODUCT_BUNDLE_IDENTIFIER = com.tguzeldev.TodoAppUITests;
				PRODUCT_NAME = "$(TARGET_NAME)";
				SWIFT_EMIT_LOC_STRINGS = NO;
				SWIFT_VERSION = 5.0;
				TARGETED_DEVICE_FAMILY = "1,2";
				TEST_TARGET_NAME = TodoApp;
			};
			name = Release;
		};
/* End XCBuildConfiguration section */

/* Begin XCConfigurationList section */
		75339DA32D34F2490048D153 /* Build configuration list for PBXProject "TodoApp" */ = {
			isa = XCConfigurationList;
			buildConfigurations = (
				75339DCA2D34F24B0048D153 /* Debug */,
				75339DCB2D34F24B0048D153 /* Release */,
			);
			defaultConfigurationIsVisible = 0;
			defaultConfigurationName = Release;
		};
		75339DCC2D34F24B0048D153 /* Build configuration list for PBXNativeTarget "TodoApp" */ = {
			isa = XCConfigurationList;
			buildConfigurations = (
				75339DCD2D34F24B0048D153 /* Debug */,
				75339DCE2D34F24B0048D153 /* Release */,
			);
			defaultConfigurationIsVisible = 0;
			defaultConfigurationName = Release;
		};
		75339DCF2D34F24B0048D153 /* Build configuration list for PBXNativeTarget "TodoAppTests" */ = {
			isa = XCConfigurationList;
			buildConfigurations = (
				75339DD02D34F24B0048D153 /* Debug */,
				75339DD12D34F24B0048D153 /* Release */,
			);
			defaultConfigurationIsVisible = 0;
			defaultConfigurationName = Release;
		};
		75339DD22D34F24B0048D153 /* Build configuration list for PBXNativeTarget "TodoAppUITests" */ = {
			isa = XCConfigurationList;
			buildConfigurations = (
				75339DD32D34F24B0048D153 /* Debug */,
				75339DD42D34F24B0048D153 /* Release */,
			);
			defaultConfigurationIsVisible = 0;
			defaultConfigurationName = Release;
		};
/* End XCConfigurationList section */
	};
	rootObject = 75339DA02D34F2490048D153 /* Project object */;
}
